
Microsoft Visual Studio Solution File, Format Version 12.00
# Visual Studio Version 17
VisualStudioVersion = 17.7.34202.233
MinimumVisualStudioVersion = 10.0.40219.1
Project("{FAE04EC0-301F-11D3-BF4B-00C04F79EFBC}") = "Imposto", "Imposto\Imposto.csproj", "{663212C1-7A5C-4658-86FF-5A60AD81EAFC}"
EndProject
Global
	GlobalSection(SolutionConfigurationPlatforms) = preSolution
		Debug|Any CPU = Debug|Any CPU
		Release|Any CPU = Release|Any CPU
	EndGlobalSection
	GlobalSection(ProjectConfigurationPlatforms) = postSolution
		{663212C1-7A5C-4658-86FF-5A60AD81EAFC}.Debug|Any CPU.ActiveCfg = Debug|Any CPU
		{663212C1-7A5C-4658-86FF-5A60AD81EAFC}.Debug|Any CPU.Build.0 = Debug|Any CPU
		{663212C1-7A5C-4658-86FF-5A60AD81EAFC}.Release|Any CPU.ActiveCfg = Release|Any CPU
		{663212C1-7A5C-4658-86FF-5A60AD81EAFC}.Release|Any CPU.Build.0 = Release|Any CPU
	EndGlobalSection
	GlobalSection(SolutionProperties) = preSolution
		HideSolutionNode = FALSE
	EndGlobalSection
	GlobalSection(ExtensibilityGlobals) = postSolution
		SolutionGuid = {DCBE61C6-C1DD-4E51-8EAA-62DEC7101534}
	EndGlobalSection
EndGlobal
