
Microsoft Visual Studio Solution File, Format Version 12.00
# Visual Studio Version 17
VisualStudioVersion = 17.7.34202.233
MinimumVisualStudioVersion = 10.0.40219.1
Project("{FAE04EC0-301F-11D3-BF4B-00C04F79EFBC}") = "TimeSpan", "TimeSpan\TimeSpan.csproj", "{513E24B4-D421-4E32-83DC-3A24D0836B40}"
EndProject
Global
	GlobalSection(SolutionConfigurationPlatforms) = preSolution
		Debug|Any CPU = Debug|Any CPU
		Release|Any CPU = Release|Any CPU
	EndGlobalSection
	GlobalSection(ProjectConfigurationPlatforms) = postSolution
		{513E24B4-D421-4E32-83DC-3A24D0836B40}.Debug|Any CPU.ActiveCfg = Debug|Any CPU
		{513E24B4-D421-4E32-83DC-3A24D0836B40}.Debug|Any CPU.Build.0 = Debug|Any CPU
		{513E24B4-D421-4E32-83DC-3A24D0836B40}.Release|Any CPU.ActiveCfg = Release|Any CPU
		{513E24B4-D421-4E32-83DC-3A24D0836B40}.Release|Any CPU.Build.0 = Release|Any CPU
	EndGlobalSection
	GlobalSection(SolutionProperties) = preSolution
		HideSolutionNode = FALSE
	EndGlobalSection
	GlobalSection(ExtensibilityGlobals) = postSolution
		SolutionGuid = {BBB1113B-A44D-44F3-8B0B-EC5B0464164A}
	EndGlobalSection
EndGlobal
