
Microsoft Visual Studio Solution File, Format Version 12.00
# Visual Studio Version 17
VisualStudioVersion = 17.7.34202.233
MinimumVisualStudioVersion = 10.0.40219.1
Project("{FAE04EC0-301F-11D3-BF4B-00C04F79EFBC}") = "FatorialN", "FatorialN\FatorialN.csproj", "{21EDD6D9-24FE-49D5-8E02-542F72D4CDDC}"
EndProject
Global
	GlobalSection(SolutionConfigurationPlatforms) = preSolution
		Debug|Any CPU = Debug|Any CPU
		Release|Any CPU = Release|Any CPU
	EndGlobalSection
	GlobalSection(ProjectConfigurationPlatforms) = postSolution
		{21EDD6D9-24FE-49D5-8E02-542F72D4CDDC}.Debug|Any CPU.ActiveCfg = Debug|Any CPU
		{21EDD6D9-24FE-49D5-8E02-542F72D4CDDC}.Debug|Any CPU.Build.0 = Debug|Any CPU
		{21EDD6D9-24FE-49D5-8E02-542F72D4CDDC}.Release|Any CPU.ActiveCfg = Release|Any CPU
		{21EDD6D9-24FE-49D5-8E02-542F72D4CDDC}.Release|Any CPU.Build.0 = Release|Any CPU
	EndGlobalSection
	GlobalSection(SolutionProperties) = preSolution
		HideSolutionNode = FALSE
	EndGlobalSection
	GlobalSection(ExtensibilityGlobals) = postSolution
		SolutionGuid = {30D7732B-4681-4E6B-9C40-F642B4526EBF}
	EndGlobalSection
EndGlobal
