
Microsoft Visual Studio Solution File, Format Version 12.00
# Visual Studio Version 17
VisualStudioVersion = 17.6.33723.286
MinimumVisualStudioVersion = 10.0.40219.1
Project("{FAE04EC0-301F-11D3-BF4B-00C04F79EFBC}") = "ExtremamenteBasico", "ExtremamenteBasico\ExtremamenteBasico.csproj", "{375B4B24-F11F-4D19-ABFE-A72C51E22636}"
EndProject
Global
	GlobalSection(SolutionConfigurationPlatforms) = preSolution
		Debug|Any CPU = Debug|Any CPU
		Release|Any CPU = Release|Any CPU
	EndGlobalSection
	GlobalSection(ProjectConfigurationPlatforms) = postSolution
		{375B4B24-F11F-4D19-ABFE-A72C51E22636}.Debug|Any CPU.ActiveCfg = Debug|Any CPU
		{375B4B24-F11F-4D19-ABFE-A72C51E22636}.Debug|Any CPU.Build.0 = Debug|Any CPU
		{375B4B24-F11F-4D19-ABFE-A72C51E22636}.Release|Any CPU.ActiveCfg = Release|Any CPU
		{375B4B24-F11F-4D19-ABFE-A72C51E22636}.Release|Any CPU.Build.0 = Release|Any CPU
	EndGlobalSection
	GlobalSection(SolutionProperties) = preSolution
		HideSolutionNode = FALSE
	EndGlobalSection
	GlobalSection(ExtensibilityGlobals) = postSolution
		SolutionGuid = {D0C8140C-E339-4298-8543-8381F2D6A14E}
	EndGlobalSection
EndGlobal
