
Microsoft Visual Studio Solution File, Format Version 12.00
# Visual Studio Version 17
VisualStudioVersion = 17.6.33723.286
MinimumVisualStudioVersion = 10.0.40219.1
Project("{FAE04EC0-301F-11D3-BF4B-00C04F79EFBC}") = "ResoluçãoExercicios", "ResoluçãoExercicios\ResoluçãoExercicios.csproj", "{7648D88E-CEC5-4E5D-B831-5C6A43B98744}"
EndProject
Global
	GlobalSection(SolutionConfigurationPlatforms) = preSolution
		Debug|Any CPU = Debug|Any CPU
		Release|Any CPU = Release|Any CPU
	EndGlobalSection
	GlobalSection(ProjectConfigurationPlatforms) = postSolution
		{7648D88E-CEC5-4E5D-B831-5C6A43B98744}.Debug|Any CPU.ActiveCfg = Debug|Any CPU
		{7648D88E-CEC5-4E5D-B831-5C6A43B98744}.Debug|Any CPU.Build.0 = Debug|Any CPU
		{7648D88E-CEC5-4E5D-B831-5C6A43B98744}.Release|Any CPU.ActiveCfg = Release|Any CPU
		{7648D88E-CEC5-4E5D-B831-5C6A43B98744}.Release|Any CPU.Build.0 = Release|Any CPU
	EndGlobalSection
	GlobalSection(SolutionProperties) = preSolution
		HideSolutionNode = FALSE
	EndGlobalSection
	GlobalSection(ExtensibilityGlobals) = postSolution
		SolutionGuid = {E5316DAE-83D1-490B-A29B-AF94F2A43050}
	EndGlobalSection
EndGlobal
