
Microsoft Visual Studio Solution File, Format Version 12.00
# Visual Studio Version 17
VisualStudioVersion = 17.6.33723.286
MinimumVisualStudioVersion = 10.0.40219.1
Project("{FAE04EC0-301F-11D3-BF4B-00C04F79EFBC}") = "TempoDeJogoComMinutos", "TempoDeJogoComMinutos\TempoDeJogoComMinutos.csproj", "{5768DDA5-7D66-40CE-B364-2E32BC2F5C97}"
EndProject
Global
	GlobalSection(SolutionConfigurationPlatforms) = preSolution
		Debug|Any CPU = Debug|Any CPU
		Release|Any CPU = Release|Any CPU
	EndGlobalSection
	GlobalSection(ProjectConfigurationPlatforms) = postSolution
		{5768DDA5-7D66-40CE-B364-2E32BC2F5C97}.Debug|Any CPU.ActiveCfg = Debug|Any CPU
		{5768DDA5-7D66-40CE-B364-2E32BC2F5C97}.Debug|Any CPU.Build.0 = Debug|Any CPU
		{5768DDA5-7D66-40CE-B364-2E32BC2F5C97}.Release|Any CPU.ActiveCfg = Release|Any CPU
		{5768DDA5-7D66-40CE-B364-2E32BC2F5C97}.Release|Any CPU.Build.0 = Release|Any CPU
	EndGlobalSection
	GlobalSection(SolutionProperties) = preSolution
		HideSolutionNode = FALSE
	EndGlobalSection
	GlobalSection(ExtensibilityGlobals) = postSolution
		SolutionGuid = {B4363796-2CDE-43BC-AA91-E600A9C52612}
	EndGlobalSection
EndGlobal
