
Microsoft Visual Studio Solution File, Format Version 12.00
# Visual Studio Version 17
VisualStudioVersion = 17.6.33723.286
MinimumVisualStudioVersion = 10.0.40219.1
Project("{FAE04EC0-301F-11D3-BF4B-00C04F79EFBC}") = "ConversaoTempo", "ConsoleApp2\ConversaoTempo.csproj", "{C2AFB046-269E-4153-BF88-8A08DC6192F4}"
EndProject
Global
	GlobalSection(SolutionConfigurationPlatforms) = preSolution
		Debug|Any CPU = Debug|Any CPU
		Release|Any CPU = Release|Any CPU
	EndGlobalSection
	GlobalSection(ProjectConfigurationPlatforms) = postSolution
		{C2AFB046-269E-4153-BF88-8A08DC6192F4}.Debug|Any CPU.ActiveCfg = Debug|Any CPU
		{C2AFB046-269E-4153-BF88-8A08DC6192F4}.Debug|Any CPU.Build.0 = Debug|Any CPU
		{C2AFB046-269E-4153-BF88-8A08DC6192F4}.Release|Any CPU.ActiveCfg = Release|Any CPU
		{C2AFB046-269E-4153-BF88-8A08DC6192F4}.Release|Any CPU.Build.0 = Release|Any CPU
	EndGlobalSection
	GlobalSection(SolutionProperties) = preSolution
		HideSolutionNode = FALSE
	EndGlobalSection
	GlobalSection(ExtensibilityGlobals) = postSolution
		SolutionGuid = {62646BA5-1F9D-4434-93A9-1797FB6897A5}
	EndGlobalSection
EndGlobal
