
Microsoft Visual Studio Solution File, Format Version 12.00
# Visual Studio Version 17
VisualStudioVersion = 17.7.34202.233
MinimumVisualStudioVersion = 10.0.40219.1
Project("{FAE04EC0-301F-11D3-BF4B-00C04F79EFBC}") = "VetorExFixacao", "VetorExFixacao\VetorExFixacao.csproj", "{E168C7C8-CBC2-4260-B68F-4D6C16D012D2}"
EndProject
Global
	GlobalSection(SolutionConfigurationPlatforms) = preSolution
		Debug|Any CPU = Debug|Any CPU
		Release|Any CPU = Release|Any CPU
	EndGlobalSection
	GlobalSection(ProjectConfigurationPlatforms) = postSolution
		{E168C7C8-CBC2-4260-B68F-4D6C16D012D2}.Debug|Any CPU.ActiveCfg = Debug|Any CPU
		{E168C7C8-CBC2-4260-B68F-4D6C16D012D2}.Debug|Any CPU.Build.0 = Debug|Any CPU
		{E168C7C8-CBC2-4260-B68F-4D6C16D012D2}.Release|Any CPU.ActiveCfg = Release|Any CPU
		{E168C7C8-CBC2-4260-B68F-4D6C16D012D2}.Release|Any CPU.Build.0 = Release|Any CPU
	EndGlobalSection
	GlobalSection(SolutionProperties) = preSolution
		HideSolutionNode = FALSE
	EndGlobalSection
	GlobalSection(ExtensibilityGlobals) = postSolution
		SolutionGuid = {4A3C74D3-1CAB-4DF1-9367-001229519DE8}
	EndGlobalSection
EndGlobal
