
Microsoft Visual Studio Solution File, Format Version 12.00
# Visual Studio Version 17
VisualStudioVersion = 17.7.34202.233
MinimumVisualStudioVersion = 10.0.40219.1
Project("{FAE04EC0-301F-11D3-BF4B-00C04F79EFBC}") = "PropriedadesComDateTime", "PropriedadesComDateTime\PropriedadesComDateTime.csproj", "{3E8A3283-2BA9-4715-BA42-AE4F9D914694}"
EndProject
Global
	GlobalSection(SolutionConfigurationPlatforms) = preSolution
		Debug|Any CPU = Debug|Any CPU
		Release|Any CPU = Release|Any CPU
	EndGlobalSection
	GlobalSection(ProjectConfigurationPlatforms) = postSolution
		{3E8A3283-2BA9-4715-BA42-AE4F9D914694}.Debug|Any CPU.ActiveCfg = Debug|Any CPU
		{3E8A3283-2BA9-4715-BA42-AE4F9D914694}.Debug|Any CPU.Build.0 = Debug|Any CPU
		{3E8A3283-2BA9-4715-BA42-AE4F9D914694}.Release|Any CPU.ActiveCfg = Release|Any CPU
		{3E8A3283-2BA9-4715-BA42-AE4F9D914694}.Release|Any CPU.Build.0 = Release|Any CPU
	EndGlobalSection
	GlobalSection(SolutionProperties) = preSolution
		HideSolutionNode = FALSE
	EndGlobalSection
	GlobalSection(ExtensibilityGlobals) = postSolution
		SolutionGuid = {2ECB26CC-2E42-4F6D-A9CC-D1C9D6E49F3E}
	EndGlobalSection
EndGlobal
