
Microsoft Visual Studio Solution File, Format Version 12.00
# Visual Studio Version 17
VisualStudioVersion = 17.6.33723.286
MinimumVisualStudioVersion = 10.0.40219.1
Project("{FAE04EC0-301F-11D3-BF4B-00C04F79EFBC}") = "IdadeEmDias", "IdadeEmDias\IdadeEmDias.csproj", "{9E0658F5-B932-4D65-A2C4-E52044DB86CA}"
EndProject
Global
	GlobalSection(SolutionConfigurationPlatforms) = preSolution
		Debug|Any CPU = Debug|Any CPU
		Release|Any CPU = Release|Any CPU
	EndGlobalSection
	GlobalSection(ProjectConfigurationPlatforms) = postSolution
		{9E0658F5-B932-4D65-A2C4-E52044DB86CA}.Debug|Any CPU.ActiveCfg = Debug|Any CPU
		{9E0658F5-B932-4D65-A2C4-E52044DB86CA}.Debug|Any CPU.Build.0 = Debug|Any CPU
		{9E0658F5-B932-4D65-A2C4-E52044DB86CA}.Release|Any CPU.ActiveCfg = Release|Any CPU
		{9E0658F5-B932-4D65-A2C4-E52044DB86CA}.Release|Any CPU.Build.0 = Release|Any CPU
	EndGlobalSection
	GlobalSection(SolutionProperties) = preSolution
		HideSolutionNode = FALSE
	EndGlobalSection
	GlobalSection(ExtensibilityGlobals) = postSolution
		SolutionGuid = {FEA3ECD5-86C0-4748-8455-67D085A8D4BF}
	EndGlobalSection
EndGlobal
