
Microsoft Visual Studio Solution File, Format Version 12.00
# Visual Studio Version 17
VisualStudioVersion = 17.7.34202.233
MinimumVisualStudioVersion = 10.0.40219.1
Project("{FAE04EC0-301F-11D3-BF4B-00C04F79EFBC}") = "PontosCartesianos", "PontosCartesianos\PontosCartesianos.csproj", "{0A86BE0B-57A5-40A3-9A2F-1E8053465263}"
EndProject
Global
	GlobalSection(SolutionConfigurationPlatforms) = preSolution
		Debug|Any CPU = Debug|Any CPU
		Release|Any CPU = Release|Any CPU
	EndGlobalSection
	GlobalSection(ProjectConfigurationPlatforms) = postSolution
		{0A86BE0B-57A5-40A3-9A2F-1E8053465263}.Debug|Any CPU.ActiveCfg = Debug|Any CPU
		{0A86BE0B-57A5-40A3-9A2F-1E8053465263}.Debug|Any CPU.Build.0 = Debug|Any CPU
		{0A86BE0B-57A5-40A3-9A2F-1E8053465263}.Release|Any CPU.ActiveCfg = Release|Any CPU
		{0A86BE0B-57A5-40A3-9A2F-1E8053465263}.Release|Any CPU.Build.0 = Release|Any CPU
	EndGlobalSection
	GlobalSection(SolutionProperties) = preSolution
		HideSolutionNode = FALSE
	EndGlobalSection
	GlobalSection(ExtensibilityGlobals) = postSolution
		SolutionGuid = {9F97E783-CAEB-4C1D-8557-F5264B6AABE5}
	EndGlobalSection
EndGlobal
