
Microsoft Visual Studio Solution File, Format Version 12.00
# Visual Studio Version 17
VisualStudioVersion = 17.7.34202.233
MinimumVisualStudioVersion = 10.0.40219.1
Project("{FAE04EC0-301F-11D3-BF4B-00C04F79EFBC}") = "NumeroInteiroEx1", "NumeroInteiroEx1\NumeroInteiroEx1.csproj", "{CA7F9C7C-A625-4862-B372-D0BAAB450733}"
EndProject
Global
	GlobalSection(SolutionConfigurationPlatforms) = preSolution
		Debug|Any CPU = Debug|Any CPU
		Release|Any CPU = Release|Any CPU
	EndGlobalSection
	GlobalSection(ProjectConfigurationPlatforms) = postSolution
		{CA7F9C7C-A625-4862-B372-D0BAAB450733}.Debug|Any CPU.ActiveCfg = Debug|Any CPU
		{CA7F9C7C-A625-4862-B372-D0BAAB450733}.Debug|Any CPU.Build.0 = Debug|Any CPU
		{CA7F9C7C-A625-4862-B372-D0BAAB450733}.Release|Any CPU.ActiveCfg = Release|Any CPU
		{CA7F9C7C-A625-4862-B372-D0BAAB450733}.Release|Any CPU.Build.0 = Release|Any CPU
	EndGlobalSection
	GlobalSection(SolutionProperties) = preSolution
		HideSolutionNode = FALSE
	EndGlobalSection
	GlobalSection(ExtensibilityGlobals) = postSolution
		SolutionGuid = {4F5E083B-91BB-4085-A5BE-96A5035B9203}
	EndGlobalSection
EndGlobal
