
Microsoft Visual Studio Solution File, Format Version 12.00
# Visual Studio Version 17
VisualStudioVersion = 17.7.34202.233
MinimumVisualStudioVersion = 10.0.40219.1
Project("{FAE04EC0-301F-11D3-BF4B-00C04F79EFBC}") = "Hora", "Hora\Hora.csproj", "{EF9D1009-869C-49EA-8D53-840E0C082A1E}"
EndProject
Global
	GlobalSection(SolutionConfigurationPlatforms) = preSolution
		Debug|Any CPU = Debug|Any CPU
		Release|Any CPU = Release|Any CPU
	EndGlobalSection
	GlobalSection(ProjectConfigurationPlatforms) = postSolution
		{EF9D1009-869C-49EA-8D53-840E0C082A1E}.Debug|Any CPU.ActiveCfg = Debug|Any CPU
		{EF9D1009-869C-49EA-8D53-840E0C082A1E}.Debug|Any CPU.Build.0 = Debug|Any CPU
		{EF9D1009-869C-49EA-8D53-840E0C082A1E}.Release|Any CPU.ActiveCfg = Release|Any CPU
		{EF9D1009-869C-49EA-8D53-840E0C082A1E}.Release|Any CPU.Build.0 = Release|Any CPU
	EndGlobalSection
	GlobalSection(SolutionProperties) = preSolution
		HideSolutionNode = FALSE
	EndGlobalSection
	GlobalSection(ExtensibilityGlobals) = postSolution
		SolutionGuid = {830A7EB4-60A0-41BB-B587-1286C2516588}
	EndGlobalSection
EndGlobal
