
Microsoft Visual Studio Solution File, Format Version 12.00
# Visual Studio Version 17
VisualStudioVersion = 17.6.33723.286
MinimumVisualStudioVersion = 10.0.40219.1
Project("{FAE04EC0-301F-11D3-BF4B-00C04F79EFBC}") = "Intervalo", "Intervalo\Intervalo.csproj", "{60783724-8570-482B-A8F0-00019547B58E}"
EndProject
Global
	GlobalSection(SolutionConfigurationPlatforms) = preSolution
		Debug|Any CPU = Debug|Any CPU
		Release|Any CPU = Release|Any CPU
	EndGlobalSection
	GlobalSection(ProjectConfigurationPlatforms) = postSolution
		{60783724-8570-482B-A8F0-00019547B58E}.Debug|Any CPU.ActiveCfg = Debug|Any CPU
		{60783724-8570-482B-A8F0-00019547B58E}.Debug|Any CPU.Build.0 = Debug|Any CPU
		{60783724-8570-482B-A8F0-00019547B58E}.Release|Any CPU.ActiveCfg = Release|Any CPU
		{60783724-8570-482B-A8F0-00019547B58E}.Release|Any CPU.Build.0 = Release|Any CPU
	EndGlobalSection
	GlobalSection(SolutionProperties) = preSolution
		HideSolutionNode = FALSE
	EndGlobalSection
	GlobalSection(ExtensibilityGlobals) = postSolution
		SolutionGuid = {9095A851-E1F5-4289-8684-9B9A391A9E18}
	EndGlobalSection
EndGlobal
