
Microsoft Visual Studio Solution File, Format Version 12.00
# Visual Studio Version 17
VisualStudioVersion = 17.6.33723.286
MinimumVisualStudioVersion = 10.0.40219.1
Project("{FAE04EC0-301F-11D3-BF4B-00C04F79EFBC}") = "SequenciaLogica2", "SequenciaLogica2\SequenciaLogica2.csproj", "{57BF6F77-5DAA-40DA-A2B2-2FEED0B5B00E}"
EndProject
Global
	GlobalSection(SolutionConfigurationPlatforms) = preSolution
		Debug|Any CPU = Debug|Any CPU
		Release|Any CPU = Release|Any CPU
	EndGlobalSection
	GlobalSection(ProjectConfigurationPlatforms) = postSolution
		{57BF6F77-5DAA-40DA-A2B2-2FEED0B5B00E}.Debug|Any CPU.ActiveCfg = Debug|Any CPU
		{57BF6F77-5DAA-40DA-A2B2-2FEED0B5B00E}.Debug|Any CPU.Build.0 = Debug|Any CPU
		{57BF6F77-5DAA-40DA-A2B2-2FEED0B5B00E}.Release|Any CPU.ActiveCfg = Release|Any CPU
		{57BF6F77-5DAA-40DA-A2B2-2FEED0B5B00E}.Release|Any CPU.Build.0 = Release|Any CPU
	EndGlobalSection
	GlobalSection(SolutionProperties) = preSolution
		HideSolutionNode = FALSE
	EndGlobalSection
	GlobalSection(ExtensibilityGlobals) = postSolution
		SolutionGuid = {AE6FA35B-82F3-4892-9915-9E55350720C5}
	EndGlobalSection
EndGlobal
