
Microsoft Visual Studio Solution File, Format Version 12.00
# Visual Studio Version 17
VisualStudioVersion = 17.6.33723.286
MinimumVisualStudioVersion = 10.0.40219.1
Project("{FAE04EC0-301F-11D3-BF4B-00C04F79EFBC}") = "VariasNotasComValidacao", "VariasNotasComValidacao\VariasNotasComValidacao.csproj", "{232D3BA3-2B7F-4DBC-BBDF-0BFBB655AB41}"
EndProject
Global
	GlobalSection(SolutionConfigurationPlatforms) = preSolution
		Debug|Any CPU = Debug|Any CPU
		Release|Any CPU = Release|Any CPU
	EndGlobalSection
	GlobalSection(ProjectConfigurationPlatforms) = postSolution
		{232D3BA3-2B7F-4DBC-BBDF-0BFBB655AB41}.Debug|Any CPU.ActiveCfg = Debug|Any CPU
		{232D3BA3-2B7F-4DBC-BBDF-0BFBB655AB41}.Debug|Any CPU.Build.0 = Debug|Any CPU
		{232D3BA3-2B7F-4DBC-BBDF-0BFBB655AB41}.Release|Any CPU.ActiveCfg = Release|Any CPU
		{232D3BA3-2B7F-4DBC-BBDF-0BFBB655AB41}.Release|Any CPU.Build.0 = Release|Any CPU
	EndGlobalSection
	GlobalSection(SolutionProperties) = preSolution
		HideSolutionNode = FALSE
	EndGlobalSection
	GlobalSection(ExtensibilityGlobals) = postSolution
		SolutionGuid = {7EFABB3A-82B9-43BA-9AF0-2B57F250F954}
	EndGlobalSection
EndGlobal
