
Microsoft Visual Studio Solution File, Format Version 12.00
# Visual Studio Version 17
VisualStudioVersion = 17.7.34202.233
MinimumVisualStudioVersion = 10.0.40219.1
Project("{FAE04EC0-301F-11D3-BF4B-00C04F79EFBC}") = "NotasAlunos", "NotasAlunos\NotasAlunos.csproj", "{F8DDC249-1E4C-419B-9E4F-012546A716D7}"
EndProject
Global
	GlobalSection(SolutionConfigurationPlatforms) = preSolution
		Debug|Any CPU = Debug|Any CPU
		Release|Any CPU = Release|Any CPU
	EndGlobalSection
	GlobalSection(ProjectConfigurationPlatforms) = postSolution
		{F8DDC249-1E4C-419B-9E4F-012546A716D7}.Debug|Any CPU.ActiveCfg = Debug|Any CPU
		{F8DDC249-1E4C-419B-9E4F-012546A716D7}.Debug|Any CPU.Build.0 = Debug|Any CPU
		{F8DDC249-1E4C-419B-9E4F-012546A716D7}.Release|Any CPU.ActiveCfg = Release|Any CPU
		{F8DDC249-1E4C-419B-9E4F-012546A716D7}.Release|Any CPU.Build.0 = Release|Any CPU
	EndGlobalSection
	GlobalSection(SolutionProperties) = preSolution
		HideSolutionNode = FALSE
	EndGlobalSection
	GlobalSection(ExtensibilityGlobals) = postSolution
		SolutionGuid = {676DBEC1-6902-4B4F-AB1B-13F913BF8B49}
	EndGlobalSection
EndGlobal
