
Microsoft Visual Studio Solution File, Format Version 12.00
# Visual Studio Version 17
VisualStudioVersion = 17.6.33723.286
MinimumVisualStudioVersion = 10.0.40219.1
Project("{FAE04EC0-301F-11D3-BF4B-00C04F79EFBC}") = "EntradaDeDados", "EntradaDeDados\EntradaDeDados.csproj", "{95079094-0BEE-4319-9CDD-8271BA931827}"
EndProject
Global
	GlobalSection(SolutionConfigurationPlatforms) = preSolution
		Debug|Any CPU = Debug|Any CPU
		Release|Any CPU = Release|Any CPU
	EndGlobalSection
	GlobalSection(ProjectConfigurationPlatforms) = postSolution
		{95079094-0BEE-4319-9CDD-8271BA931827}.Debug|Any CPU.ActiveCfg = Debug|Any CPU
		{95079094-0BEE-4319-9CDD-8271BA931827}.Debug|Any CPU.Build.0 = Debug|Any CPU
		{95079094-0BEE-4319-9CDD-8271BA931827}.Release|Any CPU.ActiveCfg = Release|Any CPU
		{95079094-0BEE-4319-9CDD-8271BA931827}.Release|Any CPU.Build.0 = Release|Any CPU
	EndGlobalSection
	GlobalSection(SolutionProperties) = preSolution
		HideSolutionNode = FALSE
	EndGlobalSection
	GlobalSection(ExtensibilityGlobals) = postSolution
		SolutionGuid = {B96FC45C-8B25-4804-BD83-53FD42A6AACF}
	EndGlobalSection
EndGlobal
