
Microsoft Visual Studio Solution File, Format Version 12.00
# Visual Studio Version 17
VisualStudioVersion = 17.6.33723.286
MinimumVisualStudioVersion = 10.0.40219.1
Project("{FAE04EC0-301F-11D3-BF4B-00C04F79EFBC}") = "FormulaBaskhara", "FormulaBaskhara\FormulaBaskhara.csproj", "{2276870A-E054-4EDD-93A4-A998DDE44FAA}"
EndProject
Global
	GlobalSection(SolutionConfigurationPlatforms) = preSolution
		Debug|Any CPU = Debug|Any CPU
		Release|Any CPU = Release|Any CPU
	EndGlobalSection
	GlobalSection(ProjectConfigurationPlatforms) = postSolution
		{2276870A-E054-4EDD-93A4-A998DDE44FAA}.Debug|Any CPU.ActiveCfg = Debug|Any CPU
		{2276870A-E054-4EDD-93A4-A998DDE44FAA}.Debug|Any CPU.Build.0 = Debug|Any CPU
		{2276870A-E054-4EDD-93A4-A998DDE44FAA}.Release|Any CPU.ActiveCfg = Release|Any CPU
		{2276870A-E054-4EDD-93A4-A998DDE44FAA}.Release|Any CPU.Build.0 = Release|Any CPU
	EndGlobalSection
	GlobalSection(SolutionProperties) = preSolution
		HideSolutionNode = FALSE
	EndGlobalSection
	GlobalSection(ExtensibilityGlobals) = postSolution
		SolutionGuid = {0411924B-FA41-471F-BB9D-C33656FA4442}
	EndGlobalSection
EndGlobal
