
Microsoft Visual Studio Solution File, Format Version 12.00
# Visual Studio Version 17
VisualStudioVersion = 17.6.33723.286
MinimumVisualStudioVersion = 10.0.40219.1
Project("{FAE04EC0-301F-11D3-BF4B-00C04F79EFBC}") = "SomaInparesConsecutivos", "SomaInparesConsecutivos\SomaInparesConsecutivos.csproj", "{FDEB3024-5F83-4A79-81E6-6050F38AEA08}"
EndProject
Global
	GlobalSection(SolutionConfigurationPlatforms) = preSolution
		Debug|Any CPU = Debug|Any CPU
		Release|Any CPU = Release|Any CPU
	EndGlobalSection
	GlobalSection(ProjectConfigurationPlatforms) = postSolution
		{FDEB3024-5F83-4A79-81E6-6050F38AEA08}.Debug|Any CPU.ActiveCfg = Debug|Any CPU
		{FDEB3024-5F83-4A79-81E6-6050F38AEA08}.Debug|Any CPU.Build.0 = Debug|Any CPU
		{FDEB3024-5F83-4A79-81E6-6050F38AEA08}.Release|Any CPU.ActiveCfg = Release|Any CPU
		{FDEB3024-5F83-4A79-81E6-6050F38AEA08}.Release|Any CPU.Build.0 = Release|Any CPU
	EndGlobalSection
	GlobalSection(SolutionProperties) = preSolution
		HideSolutionNode = FALSE
	EndGlobalSection
	GlobalSection(ExtensibilityGlobals) = postSolution
		SolutionGuid = {F43A7573-9F00-4FA1-BC29-89A66388EFB2}
	EndGlobalSection
EndGlobal
