
Microsoft Visual Studio Solution File, Format Version 12.00
# Visual Studio Version 17
VisualStudioVersion = 17.6.33723.286
MinimumVisualStudioVersion = 10.0.40219.1
Project("{FAE04EC0-301F-11D3-BF4B-00C04F79EFBC}") = "FuncoesMatematicas", "FuncoesMatematicas\FuncoesMatematicas.csproj", "{2AA4F7A2-A564-4CBA-8C02-64D129E2271B}"
EndProject
Global
	GlobalSection(SolutionConfigurationPlatforms) = preSolution
		Debug|Any CPU = Debug|Any CPU
		Release|Any CPU = Release|Any CPU
	EndGlobalSection
	GlobalSection(ProjectConfigurationPlatforms) = postSolution
		{2AA4F7A2-A564-4CBA-8C02-64D129E2271B}.Debug|Any CPU.ActiveCfg = Debug|Any CPU
		{2AA4F7A2-A564-4CBA-8C02-64D129E2271B}.Debug|Any CPU.Build.0 = Debug|Any CPU
		{2AA4F7A2-A564-4CBA-8C02-64D129E2271B}.Release|Any CPU.ActiveCfg = Release|Any CPU
		{2AA4F7A2-A564-4CBA-8C02-64D129E2271B}.Release|Any CPU.Build.0 = Release|Any CPU
	EndGlobalSection
	GlobalSection(SolutionProperties) = preSolution
		HideSolutionNode = FALSE
	EndGlobalSection
	GlobalSection(ExtensibilityGlobals) = postSolution
		SolutionGuid = {44A90BB7-E79F-4877-B807-24354BB175C2}
	EndGlobalSection
EndGlobal
