
Microsoft Visual Studio Solution File, Format Version 12.00
# Visual Studio Version 17
VisualStudioVersion = 17.6.33723.286
MinimumVisualStudioVersion = 10.0.40219.1
Project("{FAE04EC0-301F-11D3-BF4B-00C04F79EFBC}") = "ExercicoEstruturaCondicional01", "ExercicoEstruturaCondicional01\ExercicoEstruturaCondicional01.csproj", "{B07DB998-2DB9-4135-8303-2DF14CE76242}"
EndProject
Global
	GlobalSection(SolutionConfigurationPlatforms) = preSolution
		Debug|Any CPU = Debug|Any CPU
		Release|Any CPU = Release|Any CPU
	EndGlobalSection
	GlobalSection(ProjectConfigurationPlatforms) = postSolution
		{B07DB998-2DB9-4135-8303-2DF14CE76242}.Debug|Any CPU.ActiveCfg = Debug|Any CPU
		{B07DB998-2DB9-4135-8303-2DF14CE76242}.Debug|Any CPU.Build.0 = Debug|Any CPU
		{B07DB998-2DB9-4135-8303-2DF14CE76242}.Release|Any CPU.ActiveCfg = Release|Any CPU
		{B07DB998-2DB9-4135-8303-2DF14CE76242}.Release|Any CPU.Build.0 = Release|Any CPU
	EndGlobalSection
	GlobalSection(SolutionProperties) = preSolution
		HideSolutionNode = FALSE
	EndGlobalSection
	GlobalSection(ExtensibilityGlobals) = postSolution
		SolutionGuid = {1D10A97B-D0B2-4682-B178-7A64AD552AF1}
	EndGlobalSection
EndGlobal
