
Microsoft Visual Studio Solution File, Format Version 12.00
# Visual Studio Version 17
VisualStudioVersion = 17.7.34202.233
MinimumVisualStudioVersion = 10.0.40219.1
Project("{FAE04EC0-301F-11D3-BF4B-00C04F79EFBC}") = "ValorXimpar", "ValorXimpar\ValorXimpar.csproj", "{5741DD65-9874-4360-9E6D-CEE9C5D13C23}"
EndProject
Global
	GlobalSection(SolutionConfigurationPlatforms) = preSolution
		Debug|Any CPU = Debug|Any CPU
		Release|Any CPU = Release|Any CPU
	EndGlobalSection
	GlobalSection(ProjectConfigurationPlatforms) = postSolution
		{5741DD65-9874-4360-9E6D-CEE9C5D13C23}.Debug|Any CPU.ActiveCfg = Debug|Any CPU
		{5741DD65-9874-4360-9E6D-CEE9C5D13C23}.Debug|Any CPU.Build.0 = Debug|Any CPU
		{5741DD65-9874-4360-9E6D-CEE9C5D13C23}.Release|Any CPU.ActiveCfg = Release|Any CPU
		{5741DD65-9874-4360-9E6D-CEE9C5D13C23}.Release|Any CPU.Build.0 = Release|Any CPU
	EndGlobalSection
	GlobalSection(SolutionProperties) = preSolution
		HideSolutionNode = FALSE
	EndGlobalSection
	GlobalSection(ExtensibilityGlobals) = postSolution
		SolutionGuid = {EFADF10F-45A0-44E0-80EA-9D8530967048}
	EndGlobalSection
EndGlobal
