
Microsoft Visual Studio Solution File, Format Version 12.00
# Visual Studio Version 17
VisualStudioVersion = 17.6.33723.286
MinimumVisualStudioVersion = 10.0.40219.1
Project("{FAE04EC0-301F-11D3-BF4B-00C04F79EFBC}") = "ProdutoSimples", "ProdutoSimples\ProdutoSimples.csproj", "{492ED08C-B70B-4151-82A1-A44EBB05BD7C}"
EndProject
Global
	GlobalSection(SolutionConfigurationPlatforms) = preSolution
		Debug|Any CPU = Debug|Any CPU
		Release|Any CPU = Release|Any CPU
	EndGlobalSection
	GlobalSection(ProjectConfigurationPlatforms) = postSolution
		{492ED08C-B70B-4151-82A1-A44EBB05BD7C}.Debug|Any CPU.ActiveCfg = Debug|Any CPU
		{492ED08C-B70B-4151-82A1-A44EBB05BD7C}.Debug|Any CPU.Build.0 = Debug|Any CPU
		{492ED08C-B70B-4151-82A1-A44EBB05BD7C}.Release|Any CPU.ActiveCfg = Release|Any CPU
		{492ED08C-B70B-4151-82A1-A44EBB05BD7C}.Release|Any CPU.Build.0 = Release|Any CPU
	EndGlobalSection
	GlobalSection(SolutionProperties) = preSolution
		HideSolutionNode = FALSE
	EndGlobalSection
	GlobalSection(ExtensibilityGlobals) = postSolution
		SolutionGuid = {4CEB06A4-69C8-4595-AC15-796703253171}
	EndGlobalSection
EndGlobal
