
Microsoft Visual Studio Solution File, Format Version 12.00
# Visual Studio Version 17
VisualStudioVersion = 17.6.33723.286
MinimumVisualStudioVersion = 10.0.40219.1
Project("{FAE04EC0-301F-11D3-BF4B-00C04F79EFBC}") = "DoWhile", "DoWhile\DoWhile.csproj", "{8127BF3F-0634-4D77-89B6-E44CE7B946B8}"
EndProject
Global
	GlobalSection(SolutionConfigurationPlatforms) = preSolution
		Debug|Any CPU = Debug|Any CPU
		Release|Any CPU = Release|Any CPU
	EndGlobalSection
	GlobalSection(ProjectConfigurationPlatforms) = postSolution
		{8127BF3F-0634-4D77-89B6-E44CE7B946B8}.Debug|Any CPU.ActiveCfg = Debug|Any CPU
		{8127BF3F-0634-4D77-89B6-E44CE7B946B8}.Debug|Any CPU.Build.0 = Debug|Any CPU
		{8127BF3F-0634-4D77-89B6-E44CE7B946B8}.Release|Any CPU.ActiveCfg = Release|Any CPU
		{8127BF3F-0634-4D77-89B6-E44CE7B946B8}.Release|Any CPU.Build.0 = Release|Any CPU
	EndGlobalSection
	GlobalSection(SolutionProperties) = preSolution
		HideSolutionNode = FALSE
	EndGlobalSection
	GlobalSection(ExtensibilityGlobals) = postSolution
		SolutionGuid = {FB75186E-97B1-42BD-9116-B886D760C353}
	EndGlobalSection
EndGlobal
