
Microsoft Visual Studio Solution File, Format Version 12.00
# Visual Studio Version 17
VisualStudioVersion = 17.7.34202.233
MinimumVisualStudioVersion = 10.0.40219.1
Project("{FAE04EC0-301F-11D3-BF4B-00C04F79EFBC}") = "ParOrImparEx2", "ParOrImparEx2\ParOrImparEx2.csproj", "{AFBA7B68-BCC2-4BBD-8058-EF35F2BF5C1D}"
EndProject
Global
	GlobalSection(SolutionConfigurationPlatforms) = preSolution
		Debug|Any CPU = Debug|Any CPU
		Release|Any CPU = Release|Any CPU
	EndGlobalSection
	GlobalSection(ProjectConfigurationPlatforms) = postSolution
		{AFBA7B68-BCC2-4BBD-8058-EF35F2BF5C1D}.Debug|Any CPU.ActiveCfg = Debug|Any CPU
		{AFBA7B68-BCC2-4BBD-8058-EF35F2BF5C1D}.Debug|Any CPU.Build.0 = Debug|Any CPU
		{AFBA7B68-BCC2-4BBD-8058-EF35F2BF5C1D}.Release|Any CPU.ActiveCfg = Release|Any CPU
		{AFBA7B68-BCC2-4BBD-8058-EF35F2BF5C1D}.Release|Any CPU.Build.0 = Release|Any CPU
	EndGlobalSection
	GlobalSection(SolutionProperties) = preSolution
		HideSolutionNode = FALSE
	EndGlobalSection
	GlobalSection(ExtensibilityGlobals) = postSolution
		SolutionGuid = {49D5C528-6B78-4990-AC21-C6DBDAECC112}
	EndGlobalSection
EndGlobal
