
Microsoft Visual Studio Solution File, Format Version 12.00
# Visual Studio Version 17
VisualStudioVersion = 17.6.33723.286
MinimumVisualStudioVersion = 10.0.40219.1
Project("{FAE04EC0-301F-11D3-BF4B-00C04F79EFBC}") = "ImpostoDeRenda", "ImpostoDeRenda\ImpostoDeRenda.csproj", "{BF52AA7F-3FFB-4528-8A91-875A5E508B53}"
EndProject
Global
	GlobalSection(SolutionConfigurationPlatforms) = preSolution
		Debug|Any CPU = Debug|Any CPU
		Release|Any CPU = Release|Any CPU
	EndGlobalSection
	GlobalSection(ProjectConfigurationPlatforms) = postSolution
		{BF52AA7F-3FFB-4528-8A91-875A5E508B53}.Debug|Any CPU.ActiveCfg = Debug|Any CPU
		{BF52AA7F-3FFB-4528-8A91-875A5E508B53}.Debug|Any CPU.Build.0 = Debug|Any CPU
		{BF52AA7F-3FFB-4528-8A91-875A5E508B53}.Release|Any CPU.ActiveCfg = Release|Any CPU
		{BF52AA7F-3FFB-4528-8A91-875A5E508B53}.Release|Any CPU.Build.0 = Release|Any CPU
	EndGlobalSection
	GlobalSection(SolutionProperties) = preSolution
		HideSolutionNode = FALSE
	EndGlobalSection
	GlobalSection(ExtensibilityGlobals) = postSolution
		SolutionGuid = {F8208646-D3BF-4C8D-BD60-E974E78E0F28}
	EndGlobalSection
EndGlobal
