
Microsoft Visual Studio Solution File, Format Version 12.00
# Visual Studio Version 17
VisualStudioVersion = 17.7.34202.233
MinimumVisualStudioVersion = 10.0.40219.1
Project("{FAE04EC0-301F-11D3-BF4B-00C04F79EFBC}") = "SenhaInvalida", "SenhaInvalida\SenhaInvalida.csproj", "{BCB64D70-7EAD-43A3-93FB-0C4FD5298FDA}"
EndProject
Global
	GlobalSection(SolutionConfigurationPlatforms) = preSolution
		Debug|Any CPU = Debug|Any CPU
		Release|Any CPU = Release|Any CPU
	EndGlobalSection
	GlobalSection(ProjectConfigurationPlatforms) = postSolution
		{BCB64D70-7EAD-43A3-93FB-0C4FD5298FDA}.Debug|Any CPU.ActiveCfg = Debug|Any CPU
		{BCB64D70-7EAD-43A3-93FB-0C4FD5298FDA}.Debug|Any CPU.Build.0 = Debug|Any CPU
		{BCB64D70-7EAD-43A3-93FB-0C4FD5298FDA}.Release|Any CPU.ActiveCfg = Release|Any CPU
		{BCB64D70-7EAD-43A3-93FB-0C4FD5298FDA}.Release|Any CPU.Build.0 = Release|Any CPU
	EndGlobalSection
	GlobalSection(SolutionProperties) = preSolution
		HideSolutionNode = FALSE
	EndGlobalSection
	GlobalSection(ExtensibilityGlobals) = postSolution
		SolutionGuid = {A05B727D-2306-431A-873C-190DA9BCA996}
	EndGlobalSection
EndGlobal
