
Microsoft Visual Studio Solution File, Format Version 12.00
# Visual Studio Version 17
VisualStudioVersion = 17.7.34202.233
MinimumVisualStudioVersion = 10.0.40219.1
Project("{FAE04EC0-301F-11D3-BF4B-00C04F79EFBC}") = "Course", "Course\Course.csproj", "{3FC0F9F3-9EC8-4EAD-85B4-7E7714818468}"
EndProject
Global
	GlobalSection(SolutionConfigurationPlatforms) = preSolution
		Debug|Any CPU = Debug|Any CPU
		Release|Any CPU = Release|Any CPU
	EndGlobalSection
	GlobalSection(ProjectConfigurationPlatforms) = postSolution
		{3FC0F9F3-9EC8-4EAD-85B4-7E7714818468}.Debug|Any CPU.ActiveCfg = Debug|Any CPU
		{3FC0F9F3-9EC8-4EAD-85B4-7E7714818468}.Debug|Any CPU.Build.0 = Debug|Any CPU
		{3FC0F9F3-9EC8-4EAD-85B4-7E7714818468}.Release|Any CPU.ActiveCfg = Release|Any CPU
		{3FC0F9F3-9EC8-4EAD-85B4-7E7714818468}.Release|Any CPU.Build.0 = Release|Any CPU
	EndGlobalSection
	GlobalSection(SolutionProperties) = preSolution
		HideSolutionNode = FALSE
	EndGlobalSection
	GlobalSection(ExtensibilityGlobals) = postSolution
		SolutionGuid = {F1CC2953-C3BA-47B5-89E0-B9D36CE389C4}
	EndGlobalSection
EndGlobal
