
Microsoft Visual Studio Solution File, Format Version 12.00
# Visual Studio Version 17
VisualStudioVersion = 17.6.33723.286
MinimumVisualStudioVersion = 10.0.40219.1
Project("{FAE04EC0-301F-11D3-BF4B-00C04F79EFBC}") = "GastoDeCombustivel", "GastoDeCombustivel\GastoDeCombustivel.csproj", "{FBBD5A5E-BB90-442F-8917-F98E22297DD2}"
EndProject
Global
	GlobalSection(SolutionConfigurationPlatforms) = preSolution
		Debug|Any CPU = Debug|Any CPU
		Release|Any CPU = Release|Any CPU
	EndGlobalSection
	GlobalSection(ProjectConfigurationPlatforms) = postSolution
		{FBBD5A5E-BB90-442F-8917-F98E22297DD2}.Debug|Any CPU.ActiveCfg = Debug|Any CPU
		{FBBD5A5E-BB90-442F-8917-F98E22297DD2}.Debug|Any CPU.Build.0 = Debug|Any CPU
		{FBBD5A5E-BB90-442F-8917-F98E22297DD2}.Release|Any CPU.ActiveCfg = Release|Any CPU
		{FBBD5A5E-BB90-442F-8917-F98E22297DD2}.Release|Any CPU.Build.0 = Release|Any CPU
	EndGlobalSection
	GlobalSection(SolutionProperties) = preSolution
		HideSolutionNode = FALSE
	EndGlobalSection
	GlobalSection(ExtensibilityGlobals) = postSolution
		SolutionGuid = {E911303A-169E-4C36-AC4D-DC1C4CF662DA}
	EndGlobalSection
EndGlobal
