
Microsoft Visual Studio Solution File, Format Version 12.00
# Visual Studio Version 17
VisualStudioVersion = 17.7.34202.233
MinimumVisualStudioVersion = 10.0.40219.1
Project("{FAE04EC0-301F-11D3-BF4B-00C04F79EFBC}") = "FunctionForStrings", "FunctionForStrings\FunctionForStrings.csproj", "{66B98066-DB9D-4938-B63F-16DFE188A982}"
EndProject
Global
	GlobalSection(SolutionConfigurationPlatforms) = preSolution
		Debug|Any CPU = Debug|Any CPU
		Release|Any CPU = Release|Any CPU
	EndGlobalSection
	GlobalSection(ProjectConfigurationPlatforms) = postSolution
		{66B98066-DB9D-4938-B63F-16DFE188A982}.Debug|Any CPU.ActiveCfg = Debug|Any CPU
		{66B98066-DB9D-4938-B63F-16DFE188A982}.Debug|Any CPU.Build.0 = Debug|Any CPU
		{66B98066-DB9D-4938-B63F-16DFE188A982}.Release|Any CPU.ActiveCfg = Release|Any CPU
		{66B98066-DB9D-4938-B63F-16DFE188A982}.Release|Any CPU.Build.0 = Release|Any CPU
	EndGlobalSection
	GlobalSection(SolutionProperties) = preSolution
		HideSolutionNode = FALSE
	EndGlobalSection
	GlobalSection(ExtensibilityGlobals) = postSolution
		SolutionGuid = {A23376F4-00BC-45C7-A74C-7CC5F430EF78}
	EndGlobalSection
EndGlobal
