
Microsoft Visual Studio Solution File, Format Version 12.00
# Visual Studio Version 17
VisualStudioVersion = 17.7.34202.233
MinimumVisualStudioVersion = 10.0.40219.1
Project("{FAE04EC0-301F-11D3-BF4B-00C04F79EFBC}") = "ParamsRefEout", "ParamsRefEout\ParamsRefEout.csproj", "{24138C4F-0C66-4B56-AAB0-999C00BA9426}"
EndProject
Global
	GlobalSection(SolutionConfigurationPlatforms) = preSolution
		Debug|Any CPU = Debug|Any CPU
		Release|Any CPU = Release|Any CPU
	EndGlobalSection
	GlobalSection(ProjectConfigurationPlatforms) = postSolution
		{24138C4F-0C66-4B56-AAB0-999C00BA9426}.Debug|Any CPU.ActiveCfg = Debug|Any CPU
		{24138C4F-0C66-4B56-AAB0-999C00BA9426}.Debug|Any CPU.Build.0 = Debug|Any CPU
		{24138C4F-0C66-4B56-AAB0-999C00BA9426}.Release|Any CPU.ActiveCfg = Release|Any CPU
		{24138C4F-0C66-4B56-AAB0-999C00BA9426}.Release|Any CPU.Build.0 = Release|Any CPU
	EndGlobalSection
	GlobalSection(SolutionProperties) = preSolution
		HideSolutionNode = FALSE
	EndGlobalSection
	GlobalSection(ExtensibilityGlobals) = postSolution
		SolutionGuid = {2DFAC95B-CFB0-4C9E-AF49-8C04D1970343}
	EndGlobalSection
EndGlobal
